# This file is autogenerated, do not edit; changes may be undone by the next 'dep ensure'.


[[projects]]
  branch = "master"
  name = "github.com/Nik-U/pbc"
  packages = ["."]
  revision = "12f3f0abc76db4319de8036959dc3a6d060838fe"

[[projects]]
  branch = "master"
  name = "github.com/alecthomas/binary"
  packages = ["."]
  revision = "6e8df1b1fb9d591dfc8249e230e0a762524873f3"

[[projects]]
  name = "github.com/davecgh/go-spew"
  packages = ["spew"]
  revision = "8991bc29aa16c548c550c7ff78260e27b9ab7c73"
  version = "v1.1.1"

[[projects]]
  branch = "master"
  name = "github.com/dchest/wots"
  packages = ["."]
  revision = "b19125f232231228ca68fda9dfe9dfde490cc3c0"

[[projects]]
  name = "github.com/pkg/errors"
  packages = ["."]
  revision = "645ef00459ed84a119197bfb8d8205042c6df63d"
  version = "v0.8.0"

[[projects]]
  name = "github.com/pmezard/go-difflib"
  packages = ["difflib"]
  revision = "792786c7400a136282c1664665ae0a8db921c6c2"
  version = "v1.0.0"

[[projects]]
  branch = "master"
  name = "github.com/qantik/ratcheted"
  packages = ["acd","dv","jmm","js","pr","primitives","primitives/encryption","primitives/hibe","primitives/signature"]
  revision = "9c681e2a548b7e9d5d495eb16e0d5be7ea1f92d7"

[[projects]]
  name = "github.com/stretchr/testify"
  packages = ["assert","require"]
  revision = "f35b8ab0b5a2cef36673838d662e249dd9c94686"
  version = "v1.2.2"

[[projects]]
  branch = "master"
  name = "golang.org/x/crypto"
  packages = ["hkdf"]
  revision = "0e37d006457bf46f9e6692014ba72ef82c33022c"

[solve-meta]
  analyzer-name = "dep"
  analyzer-version = 1
  inputs-digest = "572210a9f79ef072031e7793632feea39726929961a6b85b86b0f461bd55f8ee"
  solver-name = "gps-cdcl"
  solver-version = 1
